lockfileVersion: '9.0'

settings:
  autoInstallPeers: true
  excludeLinksFromLockfile: false

importers:

  .:
    dependencies:
      '@nestjs/mapped-types':
        specifier: '*'
        version: 2.0.5(@nestjs/common@10.3.9(reflect-metadata@0.2.2)(rxjs@7.8.1))(reflect-metadata@0.2.2)

packages:

  '@lukeed/csprng@1.1.0':
    resolution: {integrity: sha512-Z7C/xXCiGWsg0KuKsHTKJxbWhpI3Vs5GwLfOean7MGyVFGqdRgBbAjOCh6u4bbjPc/8MJ2pZmK/0DLdCbivLDA==}
    engines: {node: '>=8'}

  '@nestjs/common@10.3.9':
    resolution: {integrity: sha512-JAQONPagMa+sy/fcIqh/Hn3rkYQ9pQM51vXCFNOM5ujefxUVqn3gwFRMN8Y1+MxdUHipV+8daEj2jEm0IqJzOA==}
    peerDependencies:
      class-transformer: '*'
      class-validator: '*'
      reflect-metadata: ^0.1.12 || ^0.2.0
      rxjs: ^7.1.0
    peerDependenciesMeta:
      class-transformer:
        optional: true
      class-validator:
        optional: true

  '@nestjs/mapped-types@2.0.5':
    resolution: {integrity: sha512-bSJv4pd6EY99NX9CjBIyn4TVDoSit82DUZlL4I3bqNfy5Gt+gXTa86i3I/i0iIV9P4hntcGM5GyO+FhZAhxtyg==}
    peerDependencies:
      '@nestjs/common': ^8.0.0 || ^9.0.0 || ^10.0.0
      class-transformer: ^0.4.0 || ^0.5.0
      class-validator: ^0.13.0 || ^0.14.0
      reflect-metadata: ^0.1.12 || ^0.2.0
    peerDependenciesMeta:
      class-transformer:
        optional: true
      class-validator:
        optional: true

  iterare@1.2.1:
    resolution: {integrity: sha512-RKYVTCjAnRthyJes037NX/IiqeidgN1xc3j1RjFfECFp28A1GVwK9nA+i0rJPaHqSZwygLzRnFlzUuHFoWWy+Q==}
    engines: {node: '>=6'}

  reflect-metadata@0.2.2:
    resolution: {integrity: sha512-urBwgfrvVP/eAyXx4hluJivBKzuEbSQs9rKWCrCkbSxNv8mxPcUZKeuoF3Uy4mJl3Lwprp6yy5/39VWigZ4K6Q==}

  rxjs@7.8.1:
    resolution: {integrity: sha512-AA3TVj+0A2iuIoQkWEK/tqFjBq2j+6PO6Y0zJcvzLAFhEFIO3HL0vls9hWLncZbAAbK0mar7oZ4V079I/qPMxg==}

  tslib@2.6.2:
    resolution: {integrity: sha512-AEYxH93jGFPn/a2iVAwW87VuUIkR1FVUKB77NwMF7nBTDkDrrT/Hpt/IrCJ0QXhW27jTBDcf5ZY7w6RiqTMw2Q==}

  tslib@2.6.3:
    resolution: {integrity: sha512-xNvxJEOUiWPGhUuUdQgAJPKOOJfGnIyKySOc09XkKsgdUV/3E2zvwZYdejjmRgPCgcym1juLH3226yA7sEFJKQ==}

  uid@2.0.2:
    resolution: {integrity: sha512-u3xV3X7uzvi5b1MncmZo3i2Aw222Zk1keqLA1YkHldREkAhAqi65wuPfe7lHx8H/Wzy+8CE7S7uS3jekIM5s8g==}
    engines: {node: '>=8'}

snapshots:

  '@lukeed/csprng@1.1.0': {}

  '@nestjs/common@10.3.9(reflect-metadata@0.2.2)(rxjs@7.8.1)':
    dependencies:
      iterare: 1.2.1
      reflect-metadata: 0.2.2
      rxjs: 7.8.1
      tslib: 2.6.2
      uid: 2.0.2

  '@nestjs/mapped-types@2.0.5(@nestjs/common@10.3.9(reflect-metadata@0.2.2)(rxjs@7.8.1))(reflect-metadata@0.2.2)':
    dependencies:
      '@nestjs/common': 10.3.9(reflect-metadata@0.2.2)(rxjs@7.8.1)
      reflect-metadata: 0.2.2

  iterare@1.2.1: {}

  reflect-metadata@0.2.2: {}

  rxjs@7.8.1:
    dependencies:
      tslib: 2.6.3

  tslib@2.6.2: {}

  tslib@2.6.3: {}

  uid@2.0.2:
    dependencies:
      '@lukeed/csprng': 1.1.0
